
Microsoft Visual Studio Solution File, Format Version 12.00
# Visual Studio Version 16
VisualStudioVersion = 16.0.31410.357
MinimumVisualStudioVersion = 10.0.40219.1
Project("{9A19103F-16F7-4668-BE54-9A1E7A4F7556}") = "RegularExpression", "RegularExpression\RegularExpression.csproj", "{56CE1B64-DF79-4CEA-B76C-640CB2BD98FF}"
EndProject
Project("{FAE04EC0-301F-11D3-BF4B-00C04F79EFBC}") = "MailValidation", "MailValidation\MailValidation.csproj", "{B7A36134-0A3E-4762-88A9-ADE18AD82B30}"
EndProject
Global
	GlobalSection(SolutionConfigurationPlatforms) = preSolution
		Debug|Any CPU = Debug|Any CPU
		Release|Any CPU = Release|Any CPU
	EndGlobalSection
	GlobalSection(ProjectConfigurationPlatforms) = postSolution
		{56CE1B64-DF79-4CEA-B76C-640CB2BD98FF}.Debug|Any CPU.ActiveCfg = Debug|Any CPU
		{56CE1B64-DF79-4CEA-B76C-640CB2BD98FF}.Debug|Any CPU.Build.0 = Debug|Any CPU
		{56CE1B64-DF79-4CEA-B76C-640CB2BD98FF}.Release|Any CPU.ActiveCfg = Release|Any CPU
		{56CE1B64-DF79-4CEA-B76C-640CB2BD98FF}.Release|Any CPU.Build.0 = Release|Any CPU
		{B7A36134-0A3E-4762-88A9-ADE18AD82B30}.Debug|Any CPU.ActiveCfg = Debug|Any CPU
		{B7A36134-0A3E-4762-88A9-ADE18AD82B30}.Debug|Any CPU.Build.0 = Debug|Any CPU
		{B7A36134-0A3E-4762-88A9-ADE18AD82B30}.Release|Any CPU.ActiveCfg = Release|Any CPU
		{B7A36134-0A3E-4762-88A9-ADE18AD82B30}.Release|Any CPU.Build.0 = Release|Any CPU
	EndGlobalSection
	GlobalSection(SolutionProperties) = preSolution
		HideSolutionNode = FALSE
	EndGlobalSection
	GlobalSection(ExtensibilityGlobals) = postSolution
		SolutionGuid = {69671E70-7096-4A1E-9B3B-FE085453ADF2}
	EndGlobalSection
EndGlobal
